
Microsoft Visual Studio Solution File, Format Version 12.00
# Visual Studio Version 17
VisualStudioVersion = 17.6.33815.320
MinimumVisualStudioVersion = 10.0.40219.1
Project("{9A19103F-16F7-4668-BE54-9A1E7A4F7556}") = "Domain", "Domain\Domain.csproj", "{7480C3DD-4294-4A0C-A847-5152A4EFE0AF}"
EndProject
Project("{9A19103F-16F7-4668-BE54-9A1E7A4F7556}") = "Application.Command", "Application\Application.Command.csproj", "{7EE83477-A82F-4F6A-B2DD-21691BBBBD1B}"
EndProject
Project("{9A19103F-16F7-4668-BE54-9A1E7A4F7556}") = "Infrastructure", "Infrastructure\Infrastructure.csproj", "{32791F49-55B0-46F5-807B-31DD73E2E78C}"
EndProject
Project("{2150E333-8FDC-42A3-9474-1A3956D46DE8}") = "src", "src", "{168AC723-3CBC-438C-8DE1-4EA6C83F63E8}"
EndProject
Project("{2150E333-8FDC-42A3-9474-1A3956D46DE8}") = "test", "test", "{A33EACE4-FA2D-4B0F-ADA8-B2075968139A}"
EndProject
Project("{9A19103F-16F7-4668-BE54-9A1E7A4F7556}") = "Domain.Unit.Test", "Domain.Unit.Test\Domain.Unit.Test.csproj", "{811142A2-4F30-4E45-B22C-2020012DADCE}"
EndProject
Project("{9A19103F-16F7-4668-BE54-9A1E7A4F7556}") = "Application.Unit.Test", "Application.Unit.Test\Application.Unit.Test.csproj", "{79FECC0C-E5A4-4946-ADE3-174244B11D0E}"
EndProject
Project("{9A19103F-16F7-4668-BE54-9A1E7A4F7556}") = "Application.Query", "Application.Query\Application.Query.csproj", "{5F1BCFFE-257E-4488-9D29-161D1C7E5F4D}"
EndProject
Project("{9A19103F-16F7-4668-BE54-9A1E7A4F7556}") = "WebApi", "WebApi\WebApi.csproj", "{EB48ACD9-7AAE-4CC1-BF58-CCD8C253F471}"
EndProject
Project("{9A19103F-16F7-4668-BE54-9A1E7A4F7556}") = "Bootstrapper", "Bootstrapper\Bootstrapper.csproj", "{4172B5A2-E3B3-477B-AA39-42D16D861D6B}"
EndProject
Project("{FAE04EC0-301F-11D3-BF4B-00C04F79EFBC}") = "ReadModel", "ReadModel\ReadModel.csproj", "{B4A2E0A8-586B-41FE-A059-0F8D42473E6A}"
EndProject
Project("{FAE04EC0-301F-11D3-BF4B-00C04F79EFBC}") = "ReadInfrastructure", "ReadInfrastructure\ReadInfrastructure.csproj", "{962AD71F-BD2E-4CE1-887D-4439C7BF82EB}"
EndProject
Global
	GlobalSection(SolutionConfigurationPlatforms) = preSolution
		Debug|Any CPU = Debug|Any CPU
		Release|Any CPU = Release|Any CPU
	EndGlobalSection
	GlobalSection(ProjectConfigurationPlatforms) = postSolution
		{7480C3DD-4294-4A0C-A847-5152A4EFE0AF}.Debug|Any CPU.ActiveCfg = Debug|Any CPU
		{7480C3DD-4294-4A0C-A847-5152A4EFE0AF}.Debug|Any CPU.Build.0 = Debug|Any CPU
		{7480C3DD-4294-4A0C-A847-5152A4EFE0AF}.Release|Any CPU.ActiveCfg = Release|Any CPU
		{7480C3DD-4294-4A0C-A847-5152A4EFE0AF}.Release|Any CPU.Build.0 = Release|Any CPU
		{7EE83477-A82F-4F6A-B2DD-21691BBBBD1B}.Debug|Any CPU.ActiveCfg = Debug|Any CPU
		{7EE83477-A82F-4F6A-B2DD-21691BBBBD1B}.Debug|Any CPU.Build.0 = Debug|Any CPU
		{7EE83477-A82F-4F6A-B2DD-21691BBBBD1B}.Release|Any CPU.ActiveCfg = Release|Any CPU
		{7EE83477-A82F-4F6A-B2DD-21691BBBBD1B}.Release|Any CPU.Build.0 = Release|Any CPU
		{32791F49-55B0-46F5-807B-31DD73E2E78C}.Debug|Any CPU.ActiveCfg = Debug|Any CPU
		{32791F49-55B0-46F5-807B-31DD73E2E78C}.Debug|Any CPU.Build.0 = Debug|Any CPU
		{32791F49-55B0-46F5-807B-31DD73E2E78C}.Release|Any CPU.ActiveCfg = Release|Any CPU
		{32791F49-55B0-46F5-807B-31DD73E2E78C}.Release|Any CPU.Build.0 = Release|Any CPU
		{811142A2-4F30-4E45-B22C-2020012DADCE}.Debug|Any CPU.ActiveCfg = Debug|Any CPU
		{811142A2-4F30-4E45-B22C-2020012DADCE}.Debug|Any CPU.Build.0 = Debug|Any CPU
		{811142A2-4F30-4E45-B22C-2020012DADCE}.Release|Any CPU.ActiveCfg = Release|Any CPU
		{811142A2-4F30-4E45-B22C-2020012DADCE}.Release|Any CPU.Build.0 = Release|Any CPU
		{79FECC0C-E5A4-4946-ADE3-174244B11D0E}.Debug|Any CPU.ActiveCfg = Debug|Any CPU
		{79FECC0C-E5A4-4946-ADE3-174244B11D0E}.Debug|Any CPU.Build.0 = Debug|Any CPU
		{79FECC0C-E5A4-4946-ADE3-174244B11D0E}.Release|Any CPU.ActiveCfg = Release|Any CPU
		{79FECC0C-E5A4-4946-ADE3-174244B11D0E}.Release|Any CPU.Build.0 = Release|Any CPU
		{5F1BCFFE-257E-4488-9D29-161D1C7E5F4D}.Debug|Any CPU.ActiveCfg = Debug|Any CPU
		{5F1BCFFE-257E-4488-9D29-161D1C7E5F4D}.Debug|Any CPU.Build.0 = Debug|Any CPU
		{5F1BCFFE-257E-4488-9D29-161D1C7E5F4D}.Release|Any CPU.ActiveCfg = Release|Any CPU
		{5F1BCFFE-257E-4488-9D29-161D1C7E5F4D}.Release|Any CPU.Build.0 = Release|Any CPU
		{EB48ACD9-7AAE-4CC1-BF58-CCD8C253F471}.Debug|Any CPU.ActiveCfg = Debug|Any CPU
		{EB48ACD9-7AAE-4CC1-BF58-CCD8C253F471}.Debug|Any CPU.Build.0 = Debug|Any CPU
		{EB48ACD9-7AAE-4CC1-BF58-CCD8C253F471}.Release|Any CPU.ActiveCfg = Release|Any CPU
		{EB48ACD9-7AAE-4CC1-BF58-CCD8C253F471}.Release|Any CPU.Build.0 = Release|Any CPU
		{4172B5A2-E3B3-477B-AA39-42D16D861D6B}.Debug|Any CPU.ActiveCfg = Debug|Any CPU
		{4172B5A2-E3B3-477B-AA39-42D16D861D6B}.Debug|Any CPU.Build.0 = Debug|Any CPU
		{4172B5A2-E3B3-477B-AA39-42D16D861D6B}.Release|Any CPU.ActiveCfg = Release|Any CPU
		{4172B5A2-E3B3-477B-AA39-42D16D861D6B}.Release|Any CPU.Build.0 = Release|Any CPU
		{B4A2E0A8-586B-41FE-A059-0F8D42473E6A}.Debug|Any CPU.ActiveCfg = Debug|Any CPU
		{B4A2E0A8-586B-41FE-A059-0F8D42473E6A}.Debug|Any CPU.Build.0 = Debug|Any CPU
		{B4A2E0A8-586B-41FE-A059-0F8D42473E6A}.Release|Any CPU.ActiveCfg = Release|Any CPU
		{B4A2E0A8-586B-41FE-A059-0F8D42473E6A}.Release|Any CPU.Build.0 = Release|Any CPU
		{962AD71F-BD2E-4CE1-887D-4439C7BF82EB}.Debug|Any CPU.ActiveCfg = Debug|Any CPU
		{962AD71F-BD2E-4CE1-887D-4439C7BF82EB}.Debug|Any CPU.Build.0 = Debug|Any CPU
		{962AD71F-BD2E-4CE1-887D-4439C7BF82EB}.Release|Any CPU.ActiveCfg = Release|Any CPU
		{962AD71F-BD2E-4CE1-887D-4439C7BF82EB}.Release|Any CPU.Build.0 = Release|Any CPU
	EndGlobalSection
	GlobalSection(SolutionProperties) = preSolution
		HideSolutionNode = FALSE
	EndGlobalSection
	GlobalSection(NestedProjects) = preSolution
		{7480C3DD-4294-4A0C-A847-5152A4EFE0AF} = {168AC723-3CBC-438C-8DE1-4EA6C83F63E8}
		{7EE83477-A82F-4F6A-B2DD-21691BBBBD1B} = {168AC723-3CBC-438C-8DE1-4EA6C83F63E8}
		{32791F49-55B0-46F5-807B-31DD73E2E78C} = {168AC723-3CBC-438C-8DE1-4EA6C83F63E8}
		{811142A2-4F30-4E45-B22C-2020012DADCE} = {A33EACE4-FA2D-4B0F-ADA8-B2075968139A}
		{79FECC0C-E5A4-4946-ADE3-174244B11D0E} = {A33EACE4-FA2D-4B0F-ADA8-B2075968139A}
		{5F1BCFFE-257E-4488-9D29-161D1C7E5F4D} = {168AC723-3CBC-438C-8DE1-4EA6C83F63E8}
		{EB48ACD9-7AAE-4CC1-BF58-CCD8C253F471} = {168AC723-3CBC-438C-8DE1-4EA6C83F63E8}
		{4172B5A2-E3B3-477B-AA39-42D16D861D6B} = {168AC723-3CBC-438C-8DE1-4EA6C83F63E8}
		{B4A2E0A8-586B-41FE-A059-0F8D42473E6A} = {168AC723-3CBC-438C-8DE1-4EA6C83F63E8}
		{962AD71F-BD2E-4CE1-887D-4439C7BF82EB} = {168AC723-3CBC-438C-8DE1-4EA6C83F63E8}
	EndGlobalSection
	GlobalSection(ExtensibilityGlobals) = postSolution
		SolutionGuid = {1B1EC270-333C-49A5-B876-28BBE1F3CE9A}
	EndGlobalSection
EndGlobal
